
Microsoft Visual Studio Solution File, Format Version 12.00
# Visual Studio Version 16
VisualStudioVersion = 16.0.29709.97
MinimumVisualStudioVersion = 10.0.40219.1
Project("{FAE04EC0-301F-11D3-BF4B-00C04F79EFBC}") = "AkrepveYelkovanArasindakiAci", "AkrepveYelkovanArasindakiAci\AkrepveYelkovanArasindakiAci.csproj", "{CEC0BDC0-1B8E-45E0-8AFB-72308D7A7C39}"
EndProject
Global
	GlobalSection(SolutionConfigurationPlatforms) = preSolution
		Debug|Any CPU = Debug|Any CPU
		Release|Any CPU = Release|Any CPU
	EndGlobalSection
	GlobalSection(ProjectConfigurationPlatforms) = postSolution
		{CEC0BDC0-1B8E-45E0-8AFB-72308D7A7C39}.Debug|Any CPU.ActiveCfg = Debug|Any CPU
		{CEC0BDC0-1B8E-45E0-8AFB-72308D7A7C39}.Debug|Any CPU.Build.0 = Debug|Any CPU
		{CEC0BDC0-1B8E-45E0-8AFB-72308D7A7C39}.Release|Any CPU.ActiveCfg = Release|Any CPU
		{CEC0BDC0-1B8E-45E0-8AFB-72308D7A7C39}.Release|Any CPU.Build.0 = Release|Any CPU
	EndGlobalSection
	GlobalSection(SolutionProperties) = preSolution
		HideSolutionNode = FALSE
	EndGlobalSection
	GlobalSection(ExtensibilityGlobals) = postSolution
		SolutionGuid = {46C72536-7CF9-4B99-89EC-8CD46AF4ECF1}
	EndGlobalSection
EndGlobal
